# This file was autogenerated by Stack.
# You should not edit this file by hand.
# For more information, please see the documentation at:
#   https://docs.haskellstack.org/en/stable/lock_files

packages:
- completed:
    name: compose-engine
    version: 0.1.0.0
    git: https://github.com/haskell-game-archives/compose-engine
    pantry-tree:
      size: 740
      sha256: 2b8e7dd8dae162e6b59ff6fa34c3d82a670a83fa6f8ac02d3650b14e91c3bcff
    commit: 8ae7ad5a847fd0917720b35bfd29f0f542cc9ccd
  original:
    git: https://github.com/haskell-game-archives/compose-engine
    commit: 8ae7ad5a847fd0917720b35bfd29f0f542cc9ccd
snapshots:
- completed:
    size: 562051
    url: https://raw.githubusercontent.com/commercialhaskell/stackage-snapshots/master/nightly/2021/1/5.yaml
    sha256: be105362ec57d665ea17fa574ab195c49bb1f9a5bd9016174ef83cd368fba253
  original: nightly-2021-01-05
